{
  "name": "a-estacao-app",
  "version": "0.6.0",
  "lockfileVersion": 3,
  "requires": true,
  "packages": {
    "": {
      "name": "a-estacao-app",
      "version": "0.6.0",
      "license": "SEE LICENSE IN ../LICENSE",
      "dependencies": {
        "@fontsource/figtree": "^5.3.0",
        "three": "^0.180.0"
      },
      "engines": {
        "node": ">=20"
      }
    },
    "node_modules/@fontsource/figtree": {
      "version": "5.3.0",
      "resolved": "https://registry.npmjs.org/@fontsource/figtree/-/figtree-5.3.0.tgz",
      "integrity": "sha512-/iTcTXL1eRBGhvD7NN9dnKzXzWqDLVZVEUFI9xIxAC1G/hXU8tCyYeXCAuPOuvSYPInFUP7H6KLGgygmDfy1SA==",
      "license": "OFL-1.1",
      "funding": {
        "url": "https://github.com/sponsors/ayuhito"
      }
    },
    "node_modules/three": {
      "version": "0.180.0",
      "resolved": "https://registry.npmjs.org/three/-/three-0.180.0.tgz",
      "integrity": "sha512-o+qycAMZrh+TsE01GqWUxUIKR1AL0S8pq7zDkYOQw8GqfX8b8VoCKYUoHbhiX5j+7hr8XsuHDVU6+gkQJQKg9w==",
      "license": "MIT"
    }
  }
}
